
Microsoft Visual Studio Solution File, Format Version 12.00
# Visual Studio Version 17
VisualStudioVersion = 17.13.35931.197
MinimumVisualStudioVersion = 10.0.40219.1
Project("{FAE04EC0-301F-11D3-BF4B-00C04F79EFBC}") = "Multiple_Desk", "Multiple_Desk.csproj", "{DBB0D816-DB93-449D-B5EC-8971AFB98F3F}"
EndProject
Global
	GlobalSection(SolutionConfigurationPlatforms) = preSolution
		Debug|Any CPU = Debug|Any CPU
		Release|Any CPU = Release|Any CPU
	EndGlobalSection
	GlobalSection(ProjectConfigurationPlatforms) = postSolution
		{DBB0D816-DB93-449D-B5EC-8971AFB98F3F}.Debug|Any CPU.ActiveCfg = Debug|Any CPU
		{DBB0D816-DB93-449D-B5EC-8971AFB98F3F}.Debug|Any CPU.Build.0 = Debug|Any CPU
		{DBB0D816-DB93-449D-B5EC-8971AFB98F3F}.Release|Any CPU.ActiveCfg = Release|Any CPU
		{DBB0D816-DB93-449D-B5EC-8971AFB98F3F}.Release|Any CPU.Build.0 = Release|Any CPU
	EndGlobalSection
	GlobalSection(SolutionProperties) = preSolution
		HideSolutionNode = FALSE
	EndGlobalSection
	GlobalSection(ExtensibilityGlobals) = postSolution
		SolutionGuid = {08BFF935-1D0B-4222-B4F0-815CA07FC133}
	EndGlobalSection
EndGlobal
